
Microsoft Visual Studio Solution File, Format Version 12.00
# Visual Studio 15
VisualStudioVersion = 15.0.27428.2015
MinimumVisualStudioVersion = 10.0.40219.1
Project("{FAE04EC0-301F-11D3-BF4B-00C04F79EFBC}") = "SfDataGridDemo_2015", "SfDataGridDemo_2015\SfDataGridDemo_2015.csproj", "{548C22AB-94FA-4576-B02B-17313ED546C8}"
EndProject
Global
	GlobalSection(SolutionConfigurationPlatforms) = preSolution
		Debug|ARM = Debug|ARM
		Debug|x64 = Debug|x64
		Debug|x86 = Debug|x86
		Release|ARM = Release|ARM
		Release|x64 = Release|x64
		Release|x86 = Release|x86
	EndGlobalSection
	GlobalSection(ProjectConfigurationPlatforms) = postSolution
		{548C22AB-94FA-4576-B02B-17313ED546C8}.Debug|ARM.ActiveCfg = Debug|ARM
		{548C22AB-94FA-4576-B02B-17313ED546C8}.Debug|ARM.Build.0 = Debug|ARM
		{548C22AB-94FA-4576-B02B-17313ED546C8}.Debug|ARM.Deploy.0 = Debug|ARM
		{548C22AB-94FA-4576-B02B-17313ED546C8}.Debug|x64.ActiveCfg = Debug|x64
		{548C22AB-94FA-4576-B02B-17313ED546C8}.Debug|x64.Build.0 = Debug|x64
		{548C22AB-94FA-4576-B02B-17313ED546C8}.Debug|x64.Deploy.0 = Debug|x64
		{548C22AB-94FA-4576-B02B-17313ED546C8}.Debug|x86.ActiveCfg = Debug|x86
		{548C22AB-94FA-4576-B02B-17313ED546C8}.Debug|x86.Build.0 = Debug|x86
		{548C22AB-94FA-4576-B02B-17313ED546C8}.Debug|x86.Deploy.0 = Debug|x86
		{548C22AB-94FA-4576-B02B-17313ED546C8}.Release|ARM.ActiveCfg = Release|ARM
		{548C22AB-94FA-4576-B02B-17313ED546C8}.Release|ARM.Build.0 = Release|ARM
		{548C22AB-94FA-4576-B02B-17313ED546C8}.Release|ARM.Deploy.0 = Release|ARM
		{548C22AB-94FA-4576-B02B-17313ED546C8}.Release|x64.ActiveCfg = Release|x64
		{548C22AB-94FA-4576-B02B-17313ED546C8}.Release|x64.Build.0 = Release|x64
		{548C22AB-94FA-4576-B02B-17313ED546C8}.Release|x64.Deploy.0 = Release|x64
		{548C22AB-94FA-4576-B02B-17313ED546C8}.Release|x86.ActiveCfg = Release|x86
		{548C22AB-94FA-4576-B02B-17313ED546C8}.Release|x86.Build.0 = Release|x86
		{548C22AB-94FA-4576-B02B-17313ED546C8}.Release|x86.Deploy.0 = Release|x86
	EndGlobalSection
	GlobalSection(SolutionProperties) = preSolution
		HideSolutionNode = FALSE
	EndGlobalSection
	GlobalSection(ExtensibilityGlobals) = postSolution
		SolutionGuid = {D96BD0F7-26D6-41E1-B7D5-E29B205F2818}
	EndGlobalSection
EndGlobal
